
Microsoft Visual Studio Solution File, Format Version 12.00
# Visual Studio Version 17
VisualStudioVersion = 17.14.36221.1 d17.14
MinimumVisualStudioVersion = 10.0.40219.1
Project("{FAE04EC0-301F-11D3-BF4B-00C04F79EFBC}") = "BookFlow_Manager1", "BookFlow_Manager1.csproj", "{6557513D-6EFD-44C6-A74E-4F8977A5AD4C}"
EndProject
Project("{FAE04EC0-301F-11D3-BF4B-00C04F79EFBC}") = "Library_Business", "..\Library_Business\Library_Business.csproj", "{EC40C201-CEBC-4B25-B3E2-8F7FF919F726}"
EndProject
Project("{FAE04EC0-301F-11D3-BF4B-00C04F79EFBC}") = "Library_DataAccess", "..\Library_DataAccess\Library_DataAccess.csproj", "{F7AA9C6D-BF5D-4348-994B-A34655DDE688}"
EndProject
Global
	GlobalSection(SolutionConfigurationPlatforms) = preSolution
		Debug|Any CPU = Debug|Any CPU
		Release|Any CPU = Release|Any CPU
	EndGlobalSection
	GlobalSection(ProjectConfigurationPlatforms) = postSolution
		{6557513D-6EFD-44C6-A74E-4F8977A5AD4C}.Debug|Any CPU.ActiveCfg = Debug|Any CPU
		{6557513D-6EFD-44C6-A74E-4F8977A5AD4C}.Debug|Any CPU.Build.0 = Debug|Any CPU
		{6557513D-6EFD-44C6-A74E-4F8977A5AD4C}.Release|Any CPU.ActiveCfg = Release|Any CPU
		{6557513D-6EFD-44C6-A74E-4F8977A5AD4C}.Release|Any CPU.Build.0 = Release|Any CPU
		{EC40C201-CEBC-4B25-B3E2-8F7FF919F726}.Debug|Any CPU.ActiveCfg = Debug|Any CPU
		{EC40C201-CEBC-4B25-B3E2-8F7FF919F726}.Debug|Any CPU.Build.0 = Debug|Any CPU
		{EC40C201-CEBC-4B25-B3E2-8F7FF919F726}.Release|Any CPU.ActiveCfg = Release|Any CPU
		{EC40C201-CEBC-4B25-B3E2-8F7FF919F726}.Release|Any CPU.Build.0 = Release|Any CPU
		{F7AA9C6D-BF5D-4348-994B-A34655DDE688}.Debug|Any CPU.ActiveCfg = Debug|Any CPU
		{F7AA9C6D-BF5D-4348-994B-A34655DDE688}.Debug|Any CPU.Build.0 = Debug|Any CPU
		{F7AA9C6D-BF5D-4348-994B-A34655DDE688}.Release|Any CPU.ActiveCfg = Release|Any CPU
		{F7AA9C6D-BF5D-4348-994B-A34655DDE688}.Release|Any CPU.Build.0 = Release|Any CPU
	EndGlobalSection
	GlobalSection(SolutionProperties) = preSolution
		HideSolutionNode = FALSE
	EndGlobalSection
	GlobalSection(ExtensibilityGlobals) = postSolution
		SolutionGuid = {03785852-73D1-4B33-9C61-42E587A7F569}
	EndGlobalSection
EndGlobal
